
Microsoft Visual Studio Solution File, Format Version 12.00
# Visual Studio Version 16
VisualStudioVersion = 16.0.30225.117
MinimumVisualStudioVersion = 10.0.40219.1
Project("{8BC9CEB8-8B4A-11D0-8D11-00A0C91BC942}") = "ChessGameClient", "ChessGameClient\ChessGameClient.vcxproj", "{AF3B3E52-17C6-46DD-BC27-ACAD63D141C6}"
EndProject
Project("{8BC9CEB8-8B4A-11D0-8D11-00A0C91BC942}") = "ChessEngine", "ChessEngine\ChessEngine.vcxproj", "{18E2BAD4-233B-4602-9584-88227B781241}"
EndProject
Project("{8BC9CEB8-8B4A-11D0-8D11-00A0C91BC942}") = "ChessData", "ChessData\ChessData.vcxproj", "{F6E028A2-D0F9-4708-BD44-2FFFEF0E6BC4}"
EndProject
Global
	GlobalSection(SolutionConfigurationPlatforms) = preSolution
		Debug|x64 = Debug|x64
		Debug|x86 = Debug|x86
		Release|x64 = Release|x64
		Release|x86 = Release|x86
	EndGlobalSection
	GlobalSection(ProjectConfigurationPlatforms) = postSolution
		{AF3B3E52-17C6-46DD-BC27-ACAD63D141C6}.Debug|x64.ActiveCfg = Debug|x64
		{AF3B3E52-17C6-46DD-BC27-ACAD63D141C6}.Debug|x64.Build.0 = Debug|x64
		{AF3B3E52-17C6-46DD-BC27-ACAD63D141C6}.Debug|x86.ActiveCfg = Debug|Win32
		{AF3B3E52-17C6-46DD-BC27-ACAD63D141C6}.Debug|x86.Build.0 = Debug|Win32
		{AF3B3E52-17C6-46DD-BC27-ACAD63D141C6}.Release|x64.ActiveCfg = Release|x64
		{AF3B3E52-17C6-46DD-BC27-ACAD63D141C6}.Release|x64.Build.0 = Release|x64
		{AF3B3E52-17C6-46DD-BC27-ACAD63D141C6}.Release|x86.ActiveCfg = Release|Win32
		{AF3B3E52-17C6-46DD-BC27-ACAD63D141C6}.Release|x86.Build.0 = Release|Win32
		{18E2BAD4-233B-4602-9584-88227B781241}.Debug|x64.ActiveCfg = Debug|x64
		{18E2BAD4-233B-4602-9584-88227B781241}.Debug|x64.Build.0 = Debug|x64
		{18E2BAD4-233B-4602-9584-88227B781241}.Debug|x86.ActiveCfg = Debug|Win32
		{18E2BAD4-233B-4602-9584-88227B781241}.Debug|x86.Build.0 = Debug|Win32
		{18E2BAD4-233B-4602-9584-88227B781241}.Release|x64.ActiveCfg = Release|x64
		{18E2BAD4-233B-4602-9584-88227B781241}.Release|x64.Build.0 = Release|x64
		{18E2BAD4-233B-4602-9584-88227B781241}.Release|x86.ActiveCfg = Release|Win32
		{18E2BAD4-233B-4602-9584-88227B781241}.Release|x86.Build.0 = Release|Win32
		{F6E028A2-D0F9-4708-BD44-2FFFEF0E6BC4}.Debug|x64.ActiveCfg = Debug|x64
		{F6E028A2-D0F9-4708-BD44-2FFFEF0E6BC4}.Debug|x64.Build.0 = Debug|x64
		{F6E028A2-D0F9-4708-BD44-2FFFEF0E6BC4}.Debug|x86.ActiveCfg = Debug|Win32
		{F6E028A2-D0F9-4708-BD44-2FFFEF0E6BC4}.Debug|x86.Build.0 = Debug|Win32
		{F6E028A2-D0F9-4708-BD44-2FFFEF0E6BC4}.Release|x64.ActiveCfg = Release|x64
		{F6E028A2-D0F9-4708-BD44-2FFFEF0E6BC4}.Release|x64.Build.0 = Release|x64
		{F6E028A2-D0F9-4708-BD44-2FFFEF0E6BC4}.Release|x86.ActiveCfg = Release|Win32
		{F6E028A2-D0F9-4708-BD44-2FFFEF0E6BC4}.Release|x86.Build.0 = Release|Win32
	EndGlobalSection
	GlobalSection(SolutionProperties) = preSolution
		HideSolutionNode = FALSE
	EndGlobalSection
	GlobalSection(ExtensibilityGlobals) = postSolution
		SolutionGuid = {44640966-5D9A-4E86-A7D4-FEF016650F6D}
	EndGlobalSection
EndGlobal
